
Microsoft Visual Studio Solution File, Format Version 12.00
# Visual Studio Version 17
VisualStudioVersion = 17.4.33205.214
MinimumVisualStudioVersion = 10.0.40219.1
Project("{FAE04EC0-301F-11D3-BF4B-00C04F79EFBC}") = "TestAppXamarin.Android", "TestAppXamarin.Android\TestAppXamarin.Android.csproj", "{7D0491FD-05CB-4DDA-A428-EE8FF2AAF0E1}"
EndProject
Project("{FAE04EC0-301F-11D3-BF4B-00C04F79EFBC}") = "TestAppXamarin", "TestAppXamarin\TestAppXamarin.csproj", "{CCB10017-7537-4C6D-B14F-A893EE7ECA86}"
EndProject
Global
	GlobalSection(SolutionConfigurationPlatforms) = preSolution
		Debug|Any CPU = Debug|Any CPU
		Release|Any CPU = Release|Any CPU
	EndGlobalSection
	GlobalSection(ProjectConfigurationPlatforms) = postSolution
		{7D0491FD-05CB-4DDA-A428-EE8FF2AAF0E1}.Debug|Any CPU.ActiveCfg = Debug|Any CPU
		{7D0491FD-05CB-4DDA-A428-EE8FF2AAF0E1}.Debug|Any CPU.Build.0 = Debug|Any CPU
		{7D0491FD-05CB-4DDA-A428-EE8FF2AAF0E1}.Debug|Any CPU.Deploy.0 = Debug|Any CPU
		{7D0491FD-05CB-4DDA-A428-EE8FF2AAF0E1}.Release|Any CPU.ActiveCfg = Release|Any CPU
		{7D0491FD-05CB-4DDA-A428-EE8FF2AAF0E1}.Release|Any CPU.Build.0 = Release|Any CPU
		{7D0491FD-05CB-4DDA-A428-EE8FF2AAF0E1}.Release|Any CPU.Deploy.0 = Release|Any CPU
		{CCB10017-7537-4C6D-B14F-A893EE7ECA86}.Debug|Any CPU.ActiveCfg = Debug|Any CPU
		{CCB10017-7537-4C6D-B14F-A893EE7ECA86}.Debug|Any CPU.Build.0 = Debug|Any CPU
		{CCB10017-7537-4C6D-B14F-A893EE7ECA86}.Debug|Any CPU.Deploy.0 = Debug|Any CPU
		{CCB10017-7537-4C6D-B14F-A893EE7ECA86}.Release|Any CPU.ActiveCfg = Release|Any CPU
		{CCB10017-7537-4C6D-B14F-A893EE7ECA86}.Release|Any CPU.Build.0 = Release|Any CPU
		{CCB10017-7537-4C6D-B14F-A893EE7ECA86}.Release|Any CPU.Deploy.0 = Release|Any CPU
	EndGlobalSection
	GlobalSection(SolutionProperties) = preSolution
		HideSolutionNode = FALSE
	EndGlobalSection
	GlobalSection(ExtensibilityGlobals) = postSolution
		SolutionGuid = {30AC9F71-7AE1-42F7-91E4-8E755497E810}
	EndGlobalSection
EndGlobal
