
Microsoft Visual Studio Solution File, Format Version 12.00
# Visual Studio Version 17
VisualStudioVersion = 17.3.32901.215
MinimumVisualStudioVersion = 10.0.40219.1
Project("{FAE04EC0-301F-11D3-BF4B-00C04F79EFBC}") = "ToDo.App.Android", "ToDo.App.Android\ToDo.App.Android.csproj", "{58464510-4CFD-4539-88CE-21EABCD76F18}"
EndProject
Project("{FAE04EC0-301F-11D3-BF4B-00C04F79EFBC}") = "ToDo.App", "ToDo.App\ToDo.App.csproj", "{BD3B8000-2FD1-475A-B594-E488AA7F27A2}"
EndProject
Global
	GlobalSection(SolutionConfigurationPlatforms) = preSolution
		Debug|Any CPU = Debug|Any CPU
		Release|Any CPU = Release|Any CPU
	EndGlobalSection
	GlobalSection(ProjectConfigurationPlatforms) = postSolution
		{58464510-4CFD-4539-88CE-21EABCD76F18}.Debug|Any CPU.ActiveCfg = Debug|Any CPU
		{58464510-4CFD-4539-88CE-21EABCD76F18}.Debug|Any CPU.Build.0 = Debug|Any CPU
		{58464510-4CFD-4539-88CE-21EABCD76F18}.Debug|Any CPU.Deploy.0 = Debug|Any CPU
		{58464510-4CFD-4539-88CE-21EABCD76F18}.Release|Any CPU.ActiveCfg = Release|Any CPU
		{58464510-4CFD-4539-88CE-21EABCD76F18}.Release|Any CPU.Build.0 = Release|Any CPU
		{58464510-4CFD-4539-88CE-21EABCD76F18}.Release|Any CPU.Deploy.0 = Release|Any CPU
		{BD3B8000-2FD1-475A-B594-E488AA7F27A2}.Debug|Any CPU.ActiveCfg = Debug|Any CPU
		{BD3B8000-2FD1-475A-B594-E488AA7F27A2}.Debug|Any CPU.Build.0 = Debug|Any CPU
		{BD3B8000-2FD1-475A-B594-E488AA7F27A2}.Debug|Any CPU.Deploy.0 = Debug|Any CPU
		{BD3B8000-2FD1-475A-B594-E488AA7F27A2}.Release|Any CPU.ActiveCfg = Release|Any CPU
		{BD3B8000-2FD1-475A-B594-E488AA7F27A2}.Release|Any CPU.Build.0 = Release|Any CPU
		{BD3B8000-2FD1-475A-B594-E488AA7F27A2}.Release|Any CPU.Deploy.0 = Release|Any CPU
	EndGlobalSection
	GlobalSection(SolutionProperties) = preSolution
		HideSolutionNode = FALSE
	EndGlobalSection
	GlobalSection(ExtensibilityGlobals) = postSolution
		SolutionGuid = {8777D7A5-6ECB-425D-9D6E-407C4D4E4FA9}
	EndGlobalSection
EndGlobal
